// !$*UTF8*$!
{
	archiveVersion = 1;
	classes = {
	};
	objectVersion = 56;
	objects = {

/* Begin PBXBuildFile section */
		3363F6C52A779BDE005771C9 /* framework.h in Headers */ = {isa = PBXBuildFile; fileRef = 3363F6BC2A779BDE005771C9 /* framework.h */; };
		3363F6C62A779BDE005771C9 /* Dealer.cpp in Sources */ = {isa = PBXBuildFile; fileRef = 3363F6BD2A779BDE005771C9 /* Dealer.cpp */; };
		3363F6C72A779BDE005771C9 /* Dealer.h in Headers */ = {isa = PBXBuildFile; fileRef = 3363F6BE2A779BDE005771C9 /* Dealer.h */; };
		3363F6C82A779BDE005771C9 /* GameCardCreator.h in Headers */ = {isa = PBXBuildFile; fileRef = 3363F6BF2A779BDE005771C9 /* GameCardCreator.h */; };
		3363F6C92A779BDE005771C9 /* GameCard.h in Headers */ = {isa = PBXBuildFile; fileRef = 3363F6C02A779BDE005771C9 /* GameCard.h */; };
		3363F6CA2A779BDE005771C9 /* GameCardCreator.cpp in Sources */ = {isa = PBXBuildFile; fileRef = 3363F6C12A779BDE005771C9 /* GameCardCreator.cpp */; };
		3363F6CB2A779BDE005771C9 /* GameCard.cpp in Sources */ = {isa = PBXBuildFile; fileRef = 3363F6C22A779BDE005771C9 /* GameCard.cpp */; };
		3363F6CC2A779BDE005771C9 /* pch.h in Headers */ = {isa = PBXBuildFile; fileRef = 3363F6C32A779BDE005771C9 /* pch.h */; };
		3363F6CD2A779BDE005771C9 /* pch.cpp in Sources */ = {isa = PBXBuildFile; fileRef = 3363F6C42A779BDE005771C9 /* pch.cpp */; };
		3363F6D62A77B20C005771C9 /* Playground.cpp in Sources */ = {isa = PBXBuildFile; fileRef = 3363F6D42A77B20C005771C9 /* Playground.cpp */; };
		3363F6D72A77B20C005771C9 /* Playground.hpp in Headers */ = {isa = PBXBuildFile; fileRef = 3363F6D52A77B20C005771C9 /* Playground.hpp */; };
		3363F6DA2A77B2C3005771C9 /* UI.cpp in Sources */ = {isa = PBXBuildFile; fileRef = 3363F6D82A77B2C3005771C9 /* UI.cpp */; };
		3363F6DB2A77B2C3005771C9 /* UI.hpp in Headers */ = {isa = PBXBuildFile; fileRef = 3363F6D92A77B2C3005771C9 /* UI.hpp */; };
		3363F6DE2A77B3AE005771C9 /* Player.cpp in Sources */ = {isa = PBXBuildFile; fileRef = 3363F6DC2A77B3AE005771C9 /* Player.cpp */; };
		3363F6DF2A77B3AE005771C9 /* Player.hpp in Headers */ = {isa = PBXBuildFile; fileRef = 3363F6DD2A77B3AE005771C9 /* Player.hpp */; };
		3363F6E22A77B430005771C9 /* Control.cpp in Sources */ = {isa = PBXBuildFile; fileRef = 3363F6E02A77B430005771C9 /* Control.cpp */; };
		3363F6E32A77B430005771C9 /* Control.hpp in Headers */ = {isa = PBXBuildFile; fileRef = 3363F6E12A77B430005771C9 /* Control.hpp */; };
		3363F6E62A77B5BC005771C9 /* Human.cpp in Sources */ = {isa = PBXBuildFile; fileRef = 3363F6E42A77B5BC005771C9 /* Human.cpp */; };
		3363F6E72A77B5BC005771C9 /* Human.hpp in Headers */ = {isa = PBXBuildFile; fileRef = 3363F6E52A77B5BC005771C9 /* Human.hpp */; };
		3363F6EA2A77BA09005771C9 /* LowestCardBot.cpp in Sources */ = {isa = PBXBuildFile; fileRef = 3363F6E82A77BA09005771C9 /* LowestCardBot.cpp */; };
		3363F6EB2A77BA09005771C9 /* LowestCardBot.hpp in Headers */ = {isa = PBXBuildFile; fileRef = 3363F6E92A77BA09005771C9 /* LowestCardBot.hpp */; };
		3363F6EE2A77BA68005771C9 /* HighestCardBot.cpp in Sources */ = {isa = PBXBuildFile; fileRef = 3363F6EC2A77BA68005771C9 /* HighestCardBot.cpp */; };
		3363F6EF2A77BA68005771C9 /* HighestCardBot.hpp in Headers */ = {isa = PBXBuildFile; fileRef = 3363F6ED2A77BA68005771C9 /* HighestCardBot.hpp */; };
		3363F6F22A77BB47005771C9 /* RandomBot.cpp in Sources */ = {isa = PBXBuildFile; fileRef = 3363F6F02A77BB47005771C9 /* RandomBot.cpp */; };
		3363F6F32A77BB47005771C9 /* RandomBot.hpp in Headers */ = {isa = PBXBuildFile; fileRef = 3363F6F12A77BB47005771C9 /* RandomBot.hpp */; };
		3363F6F82A77D2EA005771C9 /* main.cpp in Sources */ = {isa = PBXBuildFile; fileRef = 3363F6F72A77D2EA005771C9 /* main.cpp */; };
		33BB3F952A557B520064E0E6 /* gamelib.hpp in Headers */ = {isa = PBXBuildFile; fileRef = 33BB3F942A557B520064E0E6 /* gamelib.hpp */; };
		33BB3F972A557B520064E0E6 /* gamelibPriv.hpp in Headers */ = {isa = PBXBuildFile; fileRef = 33BB3F962A557B520064E0E6 /* gamelibPriv.hpp */; };
		33BB3F992A557B520064E0E6 /* gamelib.cpp in Sources */ = {isa = PBXBuildFile; fileRef = 33BB3F982A557B520064E0E6 /* gamelib.cpp */; };
		33BB3FA42A557B690064E0E6 /* Tests.mm in Sources */ = {isa = PBXBuildFile; fileRef = 33BB3FA32A557B690064E0E6 /* Tests.mm */; };
		33BB3FA52A557B690064E0E6 /* libgamelib.a in Frameworks */ = {isa = PBXBuildFile; fileRef = 33BB3F922A557B520064E0E6 /* libgamelib.a */; };
		33E620132A7A972E00C329B3 /* libgamelib.a in Frameworks */ = {isa = PBXBuildFile; fileRef = 33BB3F922A557B520064E0E6 /* libgamelib.a */; settings = {ATTRIBUTES = (Required, ); }; };
		33E6201C2A7CECD400C329B3 /* IntelligentBot.cpp in Sources */ = {isa = PBXBuildFile; fileRef = 33E6201A2A7CECD400C329B3 /* IntelligentBot.cpp */; };
		33E6201D2A7CECD400C329B3 /* IntelligentBot.hpp in Headers */ = {isa = PBXBuildFile; fileRef = 33E6201B2A7CECD400C329B3 /* IntelligentBot.hpp */; };
/* End PBXBuildFile section */

/* Begin PBXContainerItemProxy section */
		33BB3FA62A557B690064E0E6 /* PBXContainerItemProxy */ = {
			isa = PBXContainerItemProxy;
			containerPortal = 33BB3F6D2A557ABC0064E0E6 /* Project object */;
			proxyType = 1;
			remoteGlobalIDString = 33BB3F912A557B520064E0E6;
			remoteInfo = gamelib;
		};
		33E620112A7A971800C329B3 /* PBXContainerItemProxy */ = {
			isa = PBXContainerItemProxy;
			containerPortal = 33BB3F6D2A557ABC0064E0E6 /* Project object */;
			proxyType = 1;
			remoteGlobalIDString = 33BB3F912A557B520064E0E6;
			remoteInfo = gamelib;
		};
		33E620142A7CE13200C329B3 /* PBXContainerItemProxy */ = {
			isa = PBXContainerItemProxy;
			containerPortal = 33BB3F6D2A557ABC0064E0E6 /* Project object */;
			proxyType = 1;
			remoteGlobalIDString = 33BB3F742A557ABC0064E0E6;
			remoteInfo = Nimm6;
		};
/* End PBXContainerItemProxy section */

/* Begin PBXCopyFilesBuildPhase section */
		33BB3F732A557ABC0064E0E6 /* CopyFiles */ = {
			isa = PBXCopyFilesBuildPhase;
			buildActionMask = 2147483647;
			dstPath = /usr/share/man/man1/;
			dstSubfolderSpec = 0;
			files = (
			);
			runOnlyForDeploymentPostprocessing = 1;
		};
/* End PBXCopyFilesBuildPhase section */

/* Begin PBXFileReference section */
		3363F6BC2A779BDE005771C9 /* framework.h */ = {isa = PBXFileReference; fileEncoding = 4; lastKnownFileType = sourcecode.c.h; path = framework.h; sourceTree = "<group>"; };
		3363F6BD2A779BDE005771C9 /* Dealer.cpp */ = {isa = PBXFileReference; fileEncoding = 4; lastKnownFileType = sourcecode.cpp.cpp; path = Dealer.cpp; sourceTree = "<group>"; };
		3363F6BE2A779BDE005771C9 /* Dealer.h */ = {isa = PBXFileReference; fileEncoding = 4; lastKnownFileType = sourcecode.c.h; path = Dealer.h; sourceTree = "<group>"; };
		3363F6BF2A779BDE005771C9 /* GameCardCreator.h */ = {isa = PBXFileReference; fileEncoding = 4; lastKnownFileType = sourcecode.c.h; path = GameCardCreator.h; sourceTree = "<group>"; };
		3363F6C02A779BDE005771C9 /* GameCard.h */ = {isa = PBXFileReference; fileEncoding = 4; lastKnownFileType = sourcecode.c.h; path = GameCard.h; sourceTree = "<group>"; };
		3363F6C12A779BDE005771C9 /* GameCardCreator.cpp */ = {isa = PBXFileReference; fileEncoding = 4; lastKnownFileType = sourcecode.cpp.cpp; path = GameCardCreator.cpp; sourceTree = "<group>"; };
		3363F6C22A779BDE005771C9 /* GameCard.cpp */ = {isa = PBXFileReference; fileEncoding = 4; lastKnownFileType = sourcecode.cpp.cpp; path = GameCard.cpp; sourceTree = "<group>"; };
		3363F6C32A779BDE005771C9 /* pch.h */ = {isa = PBXFileReference; fileEncoding = 4; lastKnownFileType = sourcecode.c.h; path = pch.h; sourceTree = "<group>"; };
		3363F6C42A779BDE005771C9 /* pch.cpp */ = {isa = PBXFileReference; fileEncoding = 4; lastKnownFileType = sourcecode.cpp.cpp; path = pch.cpp; sourceTree = "<group>"; };
		3363F6D42A77B20C005771C9 /* Playground.cpp */ = {isa = PBXFileReference; lastKnownFileType = sourcecode.cpp.cpp; name = Playground.cpp; path = gamelib/Playground.cpp; sourceTree = SOURCE_ROOT; };
		3363F6D52A77B20C005771C9 /* Playground.hpp */ = {isa = PBXFileReference; lastKnownFileType = sourcecode.cpp.h; name = Playground.hpp; path = gamelib/Playground.hpp; sourceTree = SOURCE_ROOT; };
		3363F6D82A77B2C3005771C9 /* UI.cpp */ = {isa = PBXFileReference; lastKnownFileType = sourcecode.cpp.cpp; path = UI.cpp; sourceTree = "<group>"; };
		3363F6D92A77B2C3005771C9 /* UI.hpp */ = {isa = PBXFileReference; lastKnownFileType = sourcecode.cpp.h; path = UI.hpp; sourceTree = "<group>"; };
		3363F6DC2A77B3AE005771C9 /* Player.cpp */ = {isa = PBXFileReference; lastKnownFileType = sourcecode.cpp.cpp; path = Player.cpp; sourceTree = "<group>"; };
		3363F6DD2A77B3AE005771C9 /* Player.hpp */ = {isa = PBXFileReference; lastKnownFileType = sourcecode.cpp.h; path = Player.hpp; sourceTree = "<group>"; };
		3363F6E02A77B430005771C9 /* Control.cpp */ = {isa = PBXFileReference; lastKnownFileType = sourcecode.cpp.cpp; path = Control.cpp; sourceTree = "<group>"; };
		3363F6E12A77B430005771C9 /* Control.hpp */ = {isa = PBXFileReference; lastKnownFileType = sourcecode.cpp.h; path = Control.hpp; sourceTree = "<group>"; };
		3363F6E42A77B5BC005771C9 /* Human.cpp */ = {isa = PBXFileReference; lastKnownFileType = sourcecode.cpp.cpp; path = Human.cpp; sourceTree = "<group>"; };
		3363F6E52A77B5BC005771C9 /* Human.hpp */ = {isa = PBXFileReference; lastKnownFileType = sourcecode.cpp.h; path = Human.hpp; sourceTree = "<group>"; };
		3363F6E82A77BA09005771C9 /* LowestCardBot.cpp */ = {isa = PBXFileReference; lastKnownFileType = sourcecode.cpp.cpp; path = LowestCardBot.cpp; sourceTree = "<group>"; };
		3363F6E92A77BA09005771C9 /* LowestCardBot.hpp */ = {isa = PBXFileReference; lastKnownFileType = sourcecode.cpp.h; path = LowestCardBot.hpp; sourceTree = "<group>"; };
		3363F6EC2A77BA68005771C9 /* HighestCardBot.cpp */ = {isa = PBXFileReference; lastKnownFileType = sourcecode.cpp.cpp; path = HighestCardBot.cpp; sourceTree = "<group>"; };
		3363F6ED2A77BA68005771C9 /* HighestCardBot.hpp */ = {isa = PBXFileReference; lastKnownFileType = sourcecode.cpp.h; path = HighestCardBot.hpp; sourceTree = "<group>"; };
		3363F6F02A77BB47005771C9 /* RandomBot.cpp */ = {isa = PBXFileReference; lastKnownFileType = sourcecode.cpp.cpp; path = RandomBot.cpp; sourceTree = "<group>"; };
		3363F6F12A77BB47005771C9 /* RandomBot.hpp */ = {isa = PBXFileReference; lastKnownFileType = sourcecode.cpp.h; path = RandomBot.hpp; sourceTree = "<group>"; };
		3363F6F72A77D2EA005771C9 /* main.cpp */ = {isa = PBXFileReference; lastKnownFileType = sourcecode.cpp.cpp; path = main.cpp; sourceTree = "<group>"; };
		33BB3F752A557ABC0064E0E6 /* Nimm6 */ = {isa = PBXFileReference; explicitFileType = "compiled.mach-o.executable"; includeInIndex = 0; path = Nimm6; sourceTree = BUILT_PRODUCTS_DIR; };
		33BB3F922A557B520064E0E6 /* libgamelib.a */ = {isa = PBXFileReference; explicitFileType = archive.ar; includeInIndex = 0; path = libgamelib.a; sourceTree = BUILT_PRODUCTS_DIR; };
		33BB3F942A557B520064E0E6 /* gamelib.hpp */ = {isa = PBXFileReference; lastKnownFileType = sourcecode.cpp.h; path = gamelib.hpp; sourceTree = "<group>"; };
		33BB3F962A557B520064E0E6 /* gamelibPriv.hpp */ = {isa = PBXFileReference; lastKnownFileType = sourcecode.cpp.h; path = gamelibPriv.hpp; sourceTree = "<group>"; };
		33BB3F982A557B520064E0E6 /* gamelib.cpp */ = {isa = PBXFileReference; lastKnownFileType = sourcecode.cpp.cpp; path = gamelib.cpp; sourceTree = "<group>"; };
		33BB3FA12A557B690064E0E6 /* Tests.xctest */ = {isa = PBXFileReference; explicitFileType = wrapper.cfbundle; includeInIndex = 0; path = Tests.xctest; sourceTree = BUILT_PRODUCTS_DIR; };
		33BB3FA32A557B690064E0E6 /* Tests.mm */ = {isa = PBXFileReference; lastKnownFileType = sourcecode.cpp.objcpp; path = Tests.mm; sourceTree = "<group>"; };
		33E620192A7CE33000C329B3 /* TestPlan.xctestplan */ = {isa = PBXFileReference; lastKnownFileType = text; path = TestPlan.xctestplan; sourceTree = "<group>"; };
		33E6201A2A7CECD400C329B3 /* IntelligentBot.cpp */ = {isa = PBXFileReference; lastKnownFileType = sourcecode.cpp.cpp; path = IntelligentBot.cpp; sourceTree = "<group>"; };
		33E6201B2A7CECD400C329B3 /* IntelligentBot.hpp */ = {isa = PBXFileReference; lastKnownFileType = sourcecode.cpp.h; path = IntelligentBot.hpp; sourceTree = "<group>"; };
/* End PBXFileReference section */

/* Begin PBXFrameworksBuildPhase section */
		33BB3F722A557ABC0064E0E6 /* Frameworks */ = {
			isa = PBXFrameworksBuildPhase;
			buildActionMask = 2147483647;
			files = (
				33E620132A7A972E00C329B3 /* libgamelib.a in Frameworks */,
			);
			runOnlyForDeploymentPostprocessing = 0;
		};
		33BB3F902A557B520064E0E6 /* Frameworks */ = {
			isa = PBXFrameworksBuildPhase;
			buildActionMask = 2147483647;
			files = (
			);
			runOnlyForDeploymentPostprocessing = 0;
		};
		33BB3F9E2A557B690064E0E6 /* Frameworks */ = {
			isa = PBXFrameworksBuildPhase;
			buildActionMask = 2147483647;
			files = (
				33BB3FA52A557B690064E0E6 /* libgamelib.a in Frameworks */,
			);
			runOnlyForDeploymentPostprocessing = 0;
		};
/* End PBXFrameworksBuildPhase section */

/* Begin PBXGroup section */
		3363F6CF2A779C79005771C9 /* GameCardControl */ = {
			isa = PBXGroup;
			children = (
				3363F6BD2A779BDE005771C9 /* Dealer.cpp */,
				3363F6BE2A779BDE005771C9 /* Dealer.h */,
				3363F6BC2A779BDE005771C9 /* framework.h */,
				3363F6C22A779BDE005771C9 /* GameCard.cpp */,
				3363F6C02A779BDE005771C9 /* GameCard.h */,
				3363F6C12A779BDE005771C9 /* GameCardCreator.cpp */,
				3363F6BF2A779BDE005771C9 /* GameCardCreator.h */,
				3363F6C42A779BDE005771C9 /* pch.cpp */,
				3363F6C32A779BDE005771C9 /* pch.h */,
			);
			path = GameCardControl;
			sourceTree = "<group>";
		};
		3363F6F92A77DBF9005771C9 /* Frameworks */ = {
			isa = PBXGroup;
			children = (
			);
			name = Frameworks;
			sourceTree = "<group>";
		};
		33BB3F6C2A557ABC0064E0E6 = {
			isa = PBXGroup;
			children = (
				33E620192A7CE33000C329B3 /* TestPlan.xctestplan */,
				33BB3F772A557ABC0064E0E6 /* Nimm6 */,
				33BB3F932A557B520064E0E6 /* gamelib */,
				33BB3FA22A557B690064E0E6 /* Tests */,
				33BB3F762A557ABC0064E0E6 /* Products */,
				3363F6F92A77DBF9005771C9 /* Frameworks */,
			);
			sourceTree = "<group>";
		};
		33BB3F762A557ABC0064E0E6 /* Products */ = {
			isa = PBXGroup;
			children = (
				33BB3F752A557ABC0064E0E6 /* Nimm6 */,
				33BB3F922A557B520064E0E6 /* libgamelib.a */,
				33BB3FA12A557B690064E0E6 /* Tests.xctest */,
			);
			name = Products;
			sourceTree = "<group>";
		};
		33BB3F772A557ABC0064E0E6 /* Nimm6 */ = {
			isa = PBXGroup;
			children = (
				3363F6F72A77D2EA005771C9 /* main.cpp */,
			);
			path = Nimm6;
			sourceTree = "<group>";
		};
		33BB3F932A557B520064E0E6 /* gamelib */ = {
			isa = PBXGroup;
			children = (
				33BB3F982A557B520064E0E6 /* gamelib.cpp */,
				33BB3F942A557B520064E0E6 /* gamelib.hpp */,
				33BB3F962A557B520064E0E6 /* gamelibPriv.hpp */,
				3363F6E02A77B430005771C9 /* Control.cpp */,
				3363F6E12A77B430005771C9 /* Control.hpp */,
				3363F6D42A77B20C005771C9 /* Playground.cpp */,
				3363F6D52A77B20C005771C9 /* Playground.hpp */,
				3363F6D82A77B2C3005771C9 /* UI.cpp */,
				3363F6D92A77B2C3005771C9 /* UI.hpp */,
				3363F6DC2A77B3AE005771C9 /* Player.cpp */,
				3363F6DD2A77B3AE005771C9 /* Player.hpp */,
				3363F6E42A77B5BC005771C9 /* Human.cpp */,
				3363F6E52A77B5BC005771C9 /* Human.hpp */,
				3363F6E82A77BA09005771C9 /* LowestCardBot.cpp */,
				3363F6E92A77BA09005771C9 /* LowestCardBot.hpp */,
				3363F6EC2A77BA68005771C9 /* HighestCardBot.cpp */,
				3363F6ED2A77BA68005771C9 /* HighestCardBot.hpp */,
				3363F6F02A77BB47005771C9 /* RandomBot.cpp */,
				3363F6F12A77BB47005771C9 /* RandomBot.hpp */,
				33E6201A2A7CECD400C329B3 /* IntelligentBot.cpp */,
				33E6201B2A7CECD400C329B3 /* IntelligentBot.hpp */,
				3363F6CF2A779C79005771C9 /* GameCardControl */,
			);
			path = gamelib;
			sourceTree = "<group>";
		};
		33BB3FA22A557B690064E0E6 /* Tests */ = {
			isa = PBXGroup;
			children = (
				33BB3FA32A557B690064E0E6 /* Tests.mm */,
			);
			path = Tests;
			sourceTree = "<group>";
		};
/* End PBXGroup section */

/* Begin PBXHeadersBuildPhase section */
		33BB3F8E2A557B520064E0E6 /* Headers */ = {
			isa = PBXHeadersBuildPhase;
			buildActionMask = 2147483647;
			files = (
				33BB3F952A557B520064E0E6 /* gamelib.hpp in Headers */,
				3363F6D72A77B20C005771C9 /* Playground.hpp in Headers */,
				3363F6C82A779BDE005771C9 /* GameCardCreator.h in Headers */,
				3363F6C92A779BDE005771C9 /* GameCard.h in Headers */,
				33BB3F972A557B520064E0E6 /* gamelibPriv.hpp in Headers */,
				3363F6DB2A77B2C3005771C9 /* UI.hpp in Headers */,
				3363F6E32A77B430005771C9 /* Control.hpp in Headers */,
				3363F6EF2A77BA68005771C9 /* HighestCardBot.hpp in Headers */,
				3363F6F32A77BB47005771C9 /* RandomBot.hpp in Headers */,
				3363F6C52A779BDE005771C9 /* framework.h in Headers */,
				3363F6E72A77B5BC005771C9 /* Human.hpp in Headers */,
				3363F6CC2A779BDE005771C9 /* pch.h in Headers */,
				33E6201D2A7CECD400C329B3 /* IntelligentBot.hpp in Headers */,
				3363F6EB2A77BA09005771C9 /* LowestCardBot.hpp in Headers */,
				3363F6C72A779BDE005771C9 /* Dealer.h in Headers */,
				3363F6DF2A77B3AE005771C9 /* Player.hpp in Headers */,
			);
			runOnlyForDeploymentPostprocessing = 0;
		};
/* End PBXHeadersBuildPhase section */

/* Begin PBXNativeTarget section */
		33BB3F742A557ABC0064E0E6 /* Nimm6 */ = {
			isa = PBXNativeTarget;
			buildConfigurationList = 33BB3F7C2A557ABC0064E0E6 /* Build configuration list for PBXNativeTarget "Nimm6" */;
			buildPhases = (
				33BB3F712A557ABC0064E0E6 /* Sources */,
				33BB3F722A557ABC0064E0E6 /* Frameworks */,
				33BB3F732A557ABC0064E0E6 /* CopyFiles */,
			);
			buildRules = (
			);
			dependencies = (
				33E620122A7A971800C329B3 /* PBXTargetDependency */,
			);
			name = Nimm6;
			productName = Nimm6;
			productReference = 33BB3F752A557ABC0064E0E6 /* Nimm6 */;
			productType = "com.apple.product-type.tool";
		};
		33BB3F912A557B520064E0E6 /* gamelib */ = {
			isa = PBXNativeTarget;
			buildConfigurationList = 33BB3F9A2A557B520064E0E6 /* Build configuration list for PBXNativeTarget "gamelib" */;
			buildPhases = (
				33BB3F8E2A557B520064E0E6 /* Headers */,
				33BB3F8F2A557B520064E0E6 /* Sources */,
				33BB3F902A557B520064E0E6 /* Frameworks */,
			);
			buildRules = (
			);
			dependencies = (
			);
			name = gamelib;
			productName = gamelib;
			productReference = 33BB3F922A557B520064E0E6 /* libgamelib.a */;
			productType = "com.apple.product-type.library.static";
		};
		33BB3FA02A557B690064E0E6 /* Tests */ = {
			isa = PBXNativeTarget;
			buildConfigurationList = 33BB3FA82A557B690064E0E6 /* Build configuration list for PBXNativeTarget "Tests" */;
			buildPhases = (
				33BB3F9D2A557B690064E0E6 /* Sources */,
				33BB3F9E2A557B690064E0E6 /* Frameworks */,
				33BB3F9F2A557B690064E0E6 /* Resources */,
			);
			buildRules = (
			);
			dependencies = (
				33E620152A7CE13200C329B3 /* PBXTargetDependency */,
				33BB3FA72A557B690064E0E6 /* PBXTargetDependency */,
			);
			name = Tests;
			productName = Tests;
			productReference = 33BB3FA12A557B690064E0E6 /* Tests.xctest */;
			productType = "com.apple.product-type.bundle.unit-test";
		};
/* End PBXNativeTarget section */

/* Begin PBXProject section */
		33BB3F6D2A557ABC0064E0E6 /* Project object */ = {
			isa = PBXProject;
			attributes = {
				BuildIndependentTargetsInParallel = 1;
				KnownAssetTags = (
					New,
				);
				LastUpgradeCheck = 1430;
				TargetAttributes = {
					33BB3F742A557ABC0064E0E6 = {
						CreatedOnToolsVersion = 14.3.1;
					};
					33BB3F912A557B520064E0E6 = {
						CreatedOnToolsVersion = 14.3.1;
					};
					33BB3FA02A557B690064E0E6 = {
						CreatedOnToolsVersion = 14.3.1;
					};
				};
			};
			buildConfigurationList = 33BB3F702A557ABC0064E0E6 /* Build configuration list for PBXProject "Nimm6" */;
			compatibilityVersion = "Xcode 14.0";
			developmentRegion = en;
			hasScannedForEncodings = 0;
			knownRegions = (
				en,
				Base,
			);
			mainGroup = 33BB3F6C2A557ABC0064E0E6;
			productRefGroup = 33BB3F762A557ABC0064E0E6 /* Products */;
			projectDirPath = "";
			projectRoot = "";
			targets = (
				33BB3F742A557ABC0064E0E6 /* Nimm6 */,
				33BB3F912A557B520064E0E6 /* gamelib */,
				33BB3FA02A557B690064E0E6 /* Tests */,
			);
		};
/* End PBXProject section */

/* Begin PBXResourcesBuildPhase section */
		33BB3F9F2A557B690064E0E6 /* Resources */ = {
			isa = PBXResourcesBuildPhase;
			buildActionMask = 2147483647;
			files = (
			);
			runOnlyForDeploymentPostprocessing = 0;
		};
/* End PBXResourcesBuildPhase section */

/* Begin PBXSourcesBuildPhase section */
		33BB3F712A557ABC0064E0E6 /* Sources */ = {
			isa = PBXSourcesBuildPhase;
			buildActionMask = 2147483647;
			files = (
				3363F6F82A77D2EA005771C9 /* main.cpp in Sources */,
			);
			runOnlyForDeploymentPostprocessing = 0;
		};
		33BB3F8F2A557B520064E0E6 /* Sources */ = {
			isa = PBXSourcesBuildPhase;
			buildActionMask = 2147483647;
			files = (
				3363F6DE2A77B3AE005771C9 /* Player.cpp in Sources */,
				3363F6EA2A77BA09005771C9 /* LowestCardBot.cpp in Sources */,
				3363F6F22A77BB47005771C9 /* RandomBot.cpp in Sources */,
				3363F6EE2A77BA68005771C9 /* HighestCardBot.cpp in Sources */,
				3363F6D62A77B20C005771C9 /* Playground.cpp in Sources */,
				3363F6CA2A779BDE005771C9 /* GameCardCreator.cpp in Sources */,
				3363F6C62A779BDE005771C9 /* Dealer.cpp in Sources */,
				33BB3F992A557B520064E0E6 /* gamelib.cpp in Sources */,
				3363F6CD2A779BDE005771C9 /* pch.cpp in Sources */,
				33E6201C2A7CECD400C329B3 /* IntelligentBot.cpp in Sources */,
				3363F6CB2A779BDE005771C9 /* GameCard.cpp in Sources */,
				3363F6DA2A77B2C3005771C9 /* UI.cpp in Sources */,
				3363F6E22A77B430005771C9 /* Control.cpp in Sources */,
				3363F6E62A77B5BC005771C9 /* Human.cpp in Sources */,
			);
			runOnlyForDeploymentPostprocessing = 0;
		};
		33BB3F9D2A557B690064E0E6 /* Sources */ = {
			isa = PBXSourcesBuildPhase;
			buildActionMask = 2147483647;
			files = (
				33BB3FA42A557B690064E0E6 /* Tests.mm in Sources */,
			);
			runOnlyForDeploymentPostprocessing = 0;
		};
/* End PBXSourcesBuildPhase section */

/* Begin PBXTargetDependency section */
		33BB3FA72A557B690064E0E6 /* PBXTargetDependency */ = {
			isa = PBXTargetDependency;
			target = 33BB3F912A557B520064E0E6 /* gamelib */;
			targetProxy = 33BB3FA62A557B690064E0E6 /* PBXContainerItemProxy */;
		};
		33E620122A7A971800C329B3 /* PBXTargetDependency */ = {
			isa = PBXTargetDependency;
			target = 33BB3F912A557B520064E0E6 /* gamelib */;
			targetProxy = 33E620112A7A971800C329B3 /* PBXContainerItemProxy */;
		};
		33E620152A7CE13200C329B3 /* PBXTargetDependency */ = {
			isa = PBXTargetDependency;
			target = 33BB3F742A557ABC0064E0E6 /* Nimm6 */;
			targetProxy = 33E620142A7CE13200C329B3 /* PBXContainerItemProxy */;
		};
/* End PBXTargetDependency section */

/* Begin XCBuildConfiguration section */
		33BB3F7A2A557ABC0064E0E6 /* Debug */ = {
			isa = XCBuildConfiguration;
			buildSettings = {
				ALWAYS_SEARCH_USER_PATHS = NO;
				CLANG_ANALYZER_NONNULL = YES;
				CLANG_ANALYZER_NUMBER_OBJECT_CONVERSION = YES_AGGRESSIVE;
				CLANG_CXX_LANGUAGE_STANDARD = "gnu++20";
				CLANG_ENABLE_MODULES = YES;
				CLANG_ENABLE_OBJC_ARC = YES;
				CLANG_ENABLE_OBJC_WEAK = YES;
				CLANG_WARN_BLOCK_CAPTURE_AUTORELEASING = YES;
				CLANG_WARN_BOOL_CONVERSION = YES;
				CLANG_WARN_COMMA = YES;
				CLANG_WARN_CONSTANT_CONVERSION = YES;
				CLANG_WARN_DEPRECATED_OBJC_IMPLEMENTATIONS = YES;
				CLANG_WARN_DIRECT_OBJC_ISA_USAGE = YES_ERROR;
				CLANG_WARN_DOCUMENTATION_COMMENTS = YES;
				CLANG_WARN_EMPTY_BODY = YES;
				CLANG_WARN_ENUM_CONVERSION = YES;
				CLANG_WARN_INFINITE_RECURSION = YES;
				CLANG_WARN_INT_CONVERSION = YES;
				CLANG_WARN_NON_LITERAL_NULL_CONVERSION = YES;
				CLANG_WARN_OBJC_IMPLICIT_RETAIN_SELF = YES;
				CLANG_WARN_OBJC_LITERAL_CONVERSION = YES;
				CLANG_WARN_OBJC_ROOT_CLASS = YES_ERROR;
				CLANG_WARN_QUOTED_INCLUDE_IN_FRAMEWORK_HEADER = YES;
				CLANG_WARN_RANGE_LOOP_ANALYSIS = YES;
				CLANG_WARN_STRICT_PROTOTYPES = YES;
				CLANG_WARN_SUSPICIOUS_MOVE = YES;
				CLANG_WARN_UNGUARDED_AVAILABILITY = YES_AGGRESSIVE;
				CLANG_WARN_UNREACHABLE_CODE = YES;
				CLANG_WARN__DUPLICATE_METHOD_MATCH = YES;
				COPY_PHASE_STRIP = NO;
				DEBUG_INFORMATION_FORMAT = dwarf;
				ENABLE_STRICT_OBJC_MSGSEND = YES;
				ENABLE_TESTABILITY = NO;
				GCC_C_LANGUAGE_STANDARD = gnu11;
				GCC_DYNAMIC_NO_PIC = NO;
				GCC_NO_COMMON_BLOCKS = YES;
				GCC_OPTIMIZATION_LEVEL = 0;
				GCC_PREPROCESSOR_DEFINITIONS = (
					"DEBUG=1",
					"$(inherited)",
				);
				GCC_WARN_64_TO_32_BIT_CONVERSION = YES;
				GCC_WARN_ABOUT_RETURN_TYPE = YES_ERROR;
				GCC_WARN_UNDECLARED_SELECTOR = YES;
				GCC_WARN_UNINITIALIZED_AUTOS = YES_AGGRESSIVE;
				GCC_WARN_UNUSED_FUNCTION = YES;
				GCC_WARN_UNUSED_VARIABLE = YES;
				MACOSX_DEPLOYMENT_TARGET = 13.1;
				MTL_ENABLE_DEBUG_INFO = INCLUDE_SOURCE;
				MTL_FAST_MATH = YES;
				ONLY_ACTIVE_ARCH = YES;
				SDKROOT = macosx;
			};
			name = Debug;
		};
		33BB3F7B2A557ABC0064E0E6 /* Release */ = {
			isa = XCBuildConfiguration;
			buildSettings = {
				ALWAYS_SEARCH_USER_PATHS = NO;
				CLANG_ANALYZER_NONNULL = YES;
				CLANG_ANALYZER_NUMBER_OBJECT_CONVERSION = YES_AGGRESSIVE;
				CLANG_CXX_LANGUAGE_STANDARD = "gnu++20";
				CLANG_ENABLE_MODULES = YES;
				CLANG_ENABLE_OBJC_ARC = YES;
				CLANG_ENABLE_OBJC_WEAK = YES;
				CLANG_WARN_BLOCK_CAPTURE_AUTORELEASING = YES;
				CLANG_WARN_BOOL_CONVERSION = YES;
				CLANG_WARN_COMMA = YES;
				CLANG_WARN_CONSTANT_CONVERSION = YES;
				CLANG_WARN_DEPRECATED_OBJC_IMPLEMENTATIONS = YES;
				CLANG_WARN_DIRECT_OBJC_ISA_USAGE = YES_ERROR;
				CLANG_WARN_DOCUMENTATION_COMMENTS = YES;
				CLANG_WARN_EMPTY_BODY = YES;
				CLANG_WARN_ENUM_CONVERSION = YES;
				CLANG_WARN_INFINITE_RECURSION = YES;
				CLANG_WARN_INT_CONVERSION = YES;
				CLANG_WARN_NON_LITERAL_NULL_CONVERSION = YES;
				CLANG_WARN_OBJC_IMPLICIT_RETAIN_SELF = YES;
				CLANG_WARN_OBJC_LITERAL_CONVERSION = YES;
				CLANG_WARN_OBJC_ROOT_CLASS = YES_ERROR;
				CLANG_WARN_QUOTED_INCLUDE_IN_FRAMEWORK_HEADER = YES;
				CLANG_WARN_RANGE_LOOP_ANALYSIS = YES;
				CLANG_WARN_STRICT_PROTOTYPES = YES;
				CLANG_WARN_SUSPICIOUS_MOVE = YES;
				CLANG_WARN_UNGUARDED_AVAILABILITY = YES_AGGRESSIVE;
				CLANG_WARN_UNREACHABLE_CODE = YES;
				CLANG_WARN__DUPLICATE_METHOD_MATCH = YES;
				COPY_PHASE_STRIP = NO;
				DEBUG_INFORMATION_FORMAT = "dwarf-with-dsym";
				ENABLE_NS_ASSERTIONS = NO;
				ENABLE_STRICT_OBJC_MSGSEND = YES;
				ENABLE_TESTABILITY = NO;
				GCC_C_LANGUAGE_STANDARD = gnu11;
				GCC_DYNAMIC_NO_PIC = NO;
				GCC_NO_COMMON_BLOCKS = YES;
				GCC_WARN_64_TO_32_BIT_CONVERSION = YES;
				GCC_WARN_ABOUT_RETURN_TYPE = YES_ERROR;
				GCC_WARN_UNDECLARED_SELECTOR = YES;
				GCC_WARN_UNINITIALIZED_AUTOS = YES_AGGRESSIVE;
				GCC_WARN_UNUSED_FUNCTION = YES;
				GCC_WARN_UNUSED_VARIABLE = YES;
				MACOSX_DEPLOYMENT_TARGET = 13.1;
				MTL_ENABLE_DEBUG_INFO = NO;
				MTL_FAST_MATH = YES;
				SDKROOT = macosx;
			};
			name = Release;
		};
		33BB3F7D2A557ABC0064E0E6 /* Debug */ = {
			isa = XCBuildConfiguration;
			buildSettings = {
				CLANG_ADDRESS_SANITIZER_CONTAINER_OVERFLOW = NO;
				CODE_SIGN_IDENTITY = "Apple Development";
				CODE_SIGN_STYLE = Automatic;
				COPY_HEADERS_RUN_UNIFDEF = NO;
				DEVELOPMENT_TEAM = 8D54S94T9S;
				ENABLE_STRICT_OBJC_MSGSEND = YES;
				GCC_NO_COMMON_BLOCKS = NO;
				GCC_WARN_ABOUT_DEPRECATED_FUNCTIONS = YES;
				LINK_WITH_STANDARD_LIBRARIES = YES;
				ONLY_ACTIVE_ARCH = YES;
				PRODUCT_NAME = "$(TARGET_NAME)";
				PROVISIONING_PROFILE_SPECIFIER = "";
			};
			name = Debug;
		};
		33BB3F7E2A557ABC0064E0E6 /* Release */ = {
			isa = XCBuildConfiguration;
			buildSettings = {
				CLANG_ADDRESS_SANITIZER_CONTAINER_OVERFLOW = NO;
				CODE_SIGN_IDENTITY = "Apple Development";
				CODE_SIGN_STYLE = Automatic;
				COPY_HEADERS_RUN_UNIFDEF = NO;
				DEVELOPMENT_TEAM = 8D54S94T9S;
				ENABLE_STRICT_OBJC_MSGSEND = YES;
				GCC_NO_COMMON_BLOCKS = NO;
				GCC_WARN_ABOUT_DEPRECATED_FUNCTIONS = YES;
				LINK_WITH_STANDARD_LIBRARIES = YES;
				PRODUCT_NAME = "$(TARGET_NAME)";
				PROVISIONING_PROFILE_SPECIFIER = "";
			};
			name = Release;
		};
		33BB3F9B2A557B520064E0E6 /* Debug */ = {
			isa = XCBuildConfiguration;
			buildSettings = {
				CODE_SIGN_STYLE = Automatic;
				EXECUTABLE_PREFIX = lib;
				GCC_ENABLE_CPP_EXCEPTIONS = YES;
				GCC_ENABLE_CPP_RTTI = YES;
				GCC_NO_COMMON_BLOCKS = NO;
				PRODUCT_NAME = "$(TARGET_NAME)";
				SKIP_INSTALL = YES;
			};
			name = Debug;
		};
		33BB3F9C2A557B520064E0E6 /* Release */ = {
			isa = XCBuildConfiguration;
			buildSettings = {
				CODE_SIGN_STYLE = Automatic;
				EXECUTABLE_PREFIX = lib;
				GCC_ENABLE_CPP_EXCEPTIONS = YES;
				GCC_ENABLE_CPP_RTTI = YES;
				GCC_NO_COMMON_BLOCKS = NO;
				PRODUCT_NAME = "$(TARGET_NAME)";
				SKIP_INSTALL = YES;
			};
			name = Release;
		};
		33BB3FA92A557B690064E0E6 /* Debug */ = {
			isa = XCBuildConfiguration;
			buildSettings = {
				CODE_SIGN_STYLE = Automatic;
				CURRENT_PROJECT_VERSION = 1;
				GENERATE_INFOPLIST_FILE = YES;
				MARKETING_VERSION = 1.0;
				PRODUCT_BUNDLE_IDENTIFIER = marijan.Tests;
				PRODUCT_NAME = "$(TARGET_NAME)";
				SWIFT_EMIT_LOC_STRINGS = NO;
			};
			name = Debug;
		};
		33BB3FAA2A557B690064E0E6 /* Release */ = {
			isa = XCBuildConfiguration;
			buildSettings = {
				CODE_SIGN_STYLE = Automatic;
				CURRENT_PROJECT_VERSION = 1;
				GENERATE_INFOPLIST_FILE = YES;
				MARKETING_VERSION = 1.0;
				PRODUCT_BUNDLE_IDENTIFIER = marijan.Tests;
				PRODUCT_NAME = "$(TARGET_NAME)";
				SWIFT_EMIT_LOC_STRINGS = NO;
			};
			name = Release;
		};
/* End XCBuildConfiguration section */

/* Begin XCConfigurationList section */
		33BB3F702A557ABC0064E0E6 /* Build configuration list for PBXProject "Nimm6" */ = {
			isa = XCConfigurationList;
			buildConfigurations = (
				33BB3F7A2A557ABC0064E0E6 /* Debug */,
				33BB3F7B2A557ABC0064E0E6 /* Release */,
			);
			defaultConfigurationIsVisible = 0;
			defaultConfigurationName = Release;
		};
		33BB3F7C2A557ABC0064E0E6 /* Build configuration list for PBXNativeTarget "Nimm6" */ = {
			isa = XCConfigurationList;
			buildConfigurations = (
				33BB3F7D2A557ABC0064E0E6 /* Debug */,
				33BB3F7E2A557ABC0064E0E6 /* Release */,
			);
			defaultConfigurationIsVisible = 0;
			defaultConfigurationName = Release;
		};
		33BB3F9A2A557B520064E0E6 /* Build configuration list for PBXNativeTarget "gamelib" */ = {
			isa = XCConfigurationList;
			buildConfigurations = (
				33BB3F9B2A557B520064E0E6 /* Debug */,
				33BB3F9C2A557B520064E0E6 /* Release */,
			);
			defaultConfigurationIsVisible = 0;
			defaultConfigurationName = Release;
		};
		33BB3FA82A557B690064E0E6 /* Build configuration list for PBXNativeTarget "Tests" */ = {
			isa = XCConfigurationList;
			buildConfigurations = (
				33BB3FA92A557B690064E0E6 /* Debug */,
				33BB3FAA2A557B690064E0E6 /* Release */,
			);
			defaultConfigurationIsVisible = 0;
			defaultConfigurationName = Release;
		};
/* End XCConfigurationList section */
	};
	rootObject = 33BB3F6D2A557ABC0064E0E6 /* Project object */;
}
